
Microsoft Visual Studio Solution File, Format Version 12.00
# Visual Studio 14
VisualStudioVersion = 14.0.25420.1
MinimumVisualStudioVersion = 10.0.40219.1
Project("{FAE04EC0-301F-11D3-BF4B-00C04F79EFBC}") = "NSerio.EvidenceTracker.Services", "NSerio.EvidenceTracker\NSerio.EvidenceTracker.Services.csproj", "{3CF53101-DBB0-46A3-AA78-9A24D7695EA8}"
EndProject
Project("{FAE04EC0-301F-11D3-BF4B-00C04F79EFBC}") = "NSerio.EvidenceTracker.Web", "NSerio.EvidenceTracker.Web\NSerio.EvidenceTracker.Web.csproj", "{2CF42A19-01A1-4BF7-8F24-BAADE59F592D}"
EndProject
Project("{FAE04EC0-301F-11D3-BF4B-00C04F79EFBC}") = "NSerio.EvidenceTracker.Core", "NSerio.EvidenceTracker.Core\NSerio.EvidenceTracker.Core.csproj", "{64BA85BE-29B0-4DE1-9133-7DB16187487C}"
EndProject
Global
	GlobalSection(SolutionConfigurationPlatforms) = preSolution
		Debug|Any CPU = Debug|Any CPU
		Release|Any CPU = Release|Any CPU
	EndGlobalSection
	GlobalSection(ProjectConfigurationPlatforms) = postSolution
		{3CF53101-DBB0-46A3-AA78-9A24D7695EA8}.Debug|Any CPU.ActiveCfg = Debug|Any CPU
		{3CF53101-DBB0-46A3-AA78-9A24D7695EA8}.Debug|Any CPU.Build.0 = Debug|Any CPU
		{3CF53101-DBB0-46A3-AA78-9A24D7695EA8}.Release|Any CPU.ActiveCfg = Release|Any CPU
		{3CF53101-DBB0-46A3-AA78-9A24D7695EA8}.Release|Any CPU.Build.0 = Release|Any CPU
		{2CF42A19-01A1-4BF7-8F24-BAADE59F592D}.Debug|Any CPU.ActiveCfg = Debug|Any CPU
		{2CF42A19-01A1-4BF7-8F24-BAADE59F592D}.Release|Any CPU.ActiveCfg = Release|Any CPU
		{2CF42A19-01A1-4BF7-8F24-BAADE59F592D}.Release|Any CPU.Build.0 = Release|Any CPU
		{64BA85BE-29B0-4DE1-9133-7DB16187487C}.Debug|Any CPU.ActiveCfg = Debug|Any CPU
		{64BA85BE-29B0-4DE1-9133-7DB16187487C}.Debug|Any CPU.Build.0 = Debug|Any CPU
		{64BA85BE-29B0-4DE1-9133-7DB16187487C}.Release|Any CPU.ActiveCfg = Release|Any CPU
		{64BA85BE-29B0-4DE1-9133-7DB16187487C}.Release|Any CPU.Build.0 = Release|Any CPU
	EndGlobalSection
	GlobalSection(SolutionProperties) = preSolution
		HideSolutionNode = FALSE
	EndGlobalSection
EndGlobal
